
Microsoft Visual Studio Solution File, Format Version 12.00
# Visual Studio Version 17
VisualStudioVersion = 17.14.36414.22 d17.14
MinimumVisualStudioVersion = 10.0.40219.1
Project("{FAE04EC0-301F-11D3-BF4B-00C04F79EFBC}") = "Ecommerce.Controller", "Ecommerce.Controller\Ecommerce.Controller.csproj", "{2C4E19C8-D20F-49C3-AA41-89FB282CE253}"
EndProject
Project("{FAE04EC0-301F-11D3-BF4B-00C04F79EFBC}") = "Ecommerce.Service", "Ecommerce.Service\Ecommerce.Service.csproj", "{659272B7-590D-47C2-B730-80E48A3B107B}"
EndProject
Project("{FAE04EC0-301F-11D3-BF4B-00C04F79EFBC}") = "Ecommerce.DAL", "Ecommerce.DAL\Ecommerce.DAL.csproj", "{39B7CEE4-E98E-43B6-9AB4-3FD69A597E90}"
EndProject
Global
	GlobalSection(SolutionConfigurationPlatforms) = preSolution
		Debug|Any CPU = Debug|Any CPU
		Release|Any CPU = Release|Any CPU
	EndGlobalSection
	GlobalSection(ProjectConfigurationPlatforms) = postSolution
		{2C4E19C8-D20F-49C3-AA41-89FB282CE253}.Debug|Any CPU.ActiveCfg = Debug|Any CPU
		{2C4E19C8-D20F-49C3-AA41-89FB282CE253}.Debug|Any CPU.Build.0 = Debug|Any CPU
		{2C4E19C8-D20F-49C3-AA41-89FB282CE253}.Release|Any CPU.ActiveCfg = Release|Any CPU
		{2C4E19C8-D20F-49C3-AA41-89FB282CE253}.Release|Any CPU.Build.0 = Release|Any CPU
		{659272B7-590D-47C2-B730-80E48A3B107B}.Debug|Any CPU.ActiveCfg = Debug|Any CPU
		{659272B7-590D-47C2-B730-80E48A3B107B}.Debug|Any CPU.Build.0 = Debug|Any CPU
		{659272B7-590D-47C2-B730-80E48A3B107B}.Release|Any CPU.ActiveCfg = Release|Any CPU
		{659272B7-590D-47C2-B730-80E48A3B107B}.Release|Any CPU.Build.0 = Release|Any CPU
		{39B7CEE4-E98E-43B6-9AB4-3FD69A597E90}.Debug|Any CPU.ActiveCfg = Debug|Any CPU
		{39B7CEE4-E98E-43B6-9AB4-3FD69A597E90}.Debug|Any CPU.Build.0 = Debug|Any CPU
		{39B7CEE4-E98E-43B6-9AB4-3FD69A597E90}.Release|Any CPU.ActiveCfg = Release|Any CPU
		{39B7CEE4-E98E-43B6-9AB4-3FD69A597E90}.Release|Any CPU.Build.0 = Release|Any CPU
	EndGlobalSection
	GlobalSection(SolutionProperties) = preSolution
		HideSolutionNode = FALSE
	EndGlobalSection
	GlobalSection(ExtensibilityGlobals) = postSolution
		SolutionGuid = {A3DF9116-9198-4AAC-9471-127EA2DD6486}
	EndGlobalSection
EndGlobal
